
Microsoft Visual Studio Solution File, Format Version 12.00
# Visual Studio Version 17
VisualStudioVersion = 17.3.32825.248
MinimumVisualStudioVersion = 10.0.40219.1
Project("{FAE04EC0-301F-11D3-BF4B-00C04F79EFBC}") = "VideoPlatform.WebApp", "VideoPlatform.WebApp\VideoPlatform.WebApp.csproj", "{F105C79C-1692-41F3-843B-23C9980E0A84}"
EndProject
Global
	GlobalSection(SolutionConfigurationPlatforms) = preSolution
		Debug|Any CPU = Debug|Any CPU
		Release|Any CPU = Release|Any CPU
	EndGlobalSection
	GlobalSection(ProjectConfigurationPlatforms) = postSolution
		{F105C79C-1692-41F3-843B-23C9980E0A84}.Debug|Any CPU.ActiveCfg = Debug|Any CPU
		{F105C79C-1692-41F3-843B-23C9980E0A84}.Debug|Any CPU.Build.0 = Debug|Any CPU
		{F105C79C-1692-41F3-843B-23C9980E0A84}.Release|Any CPU.ActiveCfg = Release|Any CPU
		{F105C79C-1692-41F3-843B-23C9980E0A84}.Release|Any CPU.Build.0 = Release|Any CPU
	EndGlobalSection
	GlobalSection(SolutionProperties) = preSolution
		HideSolutionNode = FALSE
	EndGlobalSection
	GlobalSection(ExtensibilityGlobals) = postSolution
		SolutionGuid = {486020D6-4832-408E-AEEF-72AD9AE04C64}
	EndGlobalSection
EndGlobal
